
Microsoft Visual Studio Solution File, Format Version 12.00
# Visual Studio Version 17
VisualStudioVersion = 17.2.32630.192
MinimumVisualStudioVersion = 10.0.40219.1
Project("{FAE04EC0-301F-11D3-BF4B-00C04F79EFBC}") = "LINQProductReview", "LINQProductReview.csproj", "{16AE1651-DC1C-44E3-BD0F-FE75CA8EA71B}"
EndProject
Global
	GlobalSection(SolutionConfigurationPlatforms) = preSolution
		Debug|Any CPU = Debug|Any CPU
		Release|Any CPU = Release|Any CPU
	EndGlobalSection
	GlobalSection(ProjectConfigurationPlatforms) = postSolution
		{16AE1651-DC1C-44E3-BD0F-FE75CA8EA71B}.Debug|Any CPU.ActiveCfg = Debug|Any CPU
		{16AE1651-DC1C-44E3-BD0F-FE75CA8EA71B}.Debug|Any CPU.Build.0 = Debug|Any CPU
		{16AE1651-DC1C-44E3-BD0F-FE75CA8EA71B}.Release|Any CPU.ActiveCfg = Release|Any CPU
		{16AE1651-DC1C-44E3-BD0F-FE75CA8EA71B}.Release|Any CPU.Build.0 = Release|Any CPU
	EndGlobalSection
	GlobalSection(SolutionProperties) = preSolution
		HideSolutionNode = FALSE
	EndGlobalSection
	GlobalSection(ExtensibilityGlobals) = postSolution
		SolutionGuid = {B7093155-7535-456B-B5CD-02164E378DC3}
	EndGlobalSection
EndGlobal
